
Microsoft Visual Studio Solution File, Format Version 12.00
# Visual Studio 15
VisualStudioVersion = 15.0.28307.271
MinimumVisualStudioVersion = 10.0.40219.1
Project("{9A19103F-16F7-4668-BE54-9A1E7A4F7556}") = "SportsStore", "SportsStore\SportsStore.csproj", "{DC0237CB-DA51-4851-A11B-22E9839B5E0E}"
EndProject
Global
	GlobalSection(SolutionConfigurationPlatforms) = preSolution
		Debug|Any CPU = Debug|Any CPU
		Release|Any CPU = Release|Any CPU
	EndGlobalSection
	GlobalSection(ProjectConfigurationPlatforms) = postSolution
		{DC0237CB-DA51-4851-A11B-22E9839B5E0E}.Debug|Any CPU.ActiveCfg = Debug|Any CPU
		{DC0237CB-DA51-4851-A11B-22E9839B5E0E}.Debug|Any CPU.Build.0 = Debug|Any CPU
		{DC0237CB-DA51-4851-A11B-22E9839B5E0E}.Release|Any CPU.ActiveCfg = Release|Any CPU
		{DC0237CB-DA51-4851-A11B-22E9839B5E0E}.Release|Any CPU.Build.0 = Release|Any CPU
	EndGlobalSection
	GlobalSection(SolutionProperties) = preSolution
		HideSolutionNode = FALSE
	EndGlobalSection
	GlobalSection(ExtensibilityGlobals) = postSolution
		SolutionGuid = {F0901045-7C1A-41BE-8288-686BDAAB4682}
	EndGlobalSection
EndGlobal
